{
  "name": "datavisex",
  "lockfileVersion": 3,
  "requires": true,
  "packages": {
    "": {
      "dependencies": {
        "@toast-ui/chart": "^4.6.1",
        "module-alias": "^2.2.3"
      }
    },
    "node_modules/@toast-ui/chart": {
      "version": "4.6.1",
      "resolved": "https://registry.npmjs.org/@toast-ui/chart/-/chart-4.6.1.tgz",
      "integrity": "sha512-F35IkHS0U9zqN6xIV1Yj3/wh8KGlZyzT3bwVGBJh/82DMDMn8rD2Us8X7xBMBGcZ3E15qkfnKjrATxU5ZoGAnA=="
    },
    "node_modules/module-alias": {
      "version": "2.2.3",
      "resolved": "https://registry.npmjs.org/module-alias/-/module-alias-2.2.3.tgz",
      "integrity": "sha512-23g5BFj4zdQL/b6tor7Ji+QY4pEfNH784BMslY9Qb0UnJWRAt+lQGLYmRaM0KDBwIG23ffEBELhZDP2rhi9f/Q=="
    }
  }
}
